
Microsoft Visual Studio Solution File, Format Version 12.00
# Visual Studio 2013
VisualStudioVersion = 12.0.31101.0
MinimumVisualStudioVersion = 10.0.40219.1
Project("{FAE04EC0-301F-11D3-BF4B-00C04F79EFBC}") = "RealtimeFramework.Messaging", "RealtimeFramework.Messaging.csproj", "{4A966FD4-2A3C-42FD-92D2-9050D310C1A0}"
EndProject
Project("{FAE04EC0-301F-11D3-BF4B-00C04F79EFBC}") = "RealtimeFramework.Messaging.Tests", "RealtimeFramework.Messaging.Tests\RealtimeFramework.Messaging.Tests.csproj", "{BF4C8018-98D1-45C0-98DD-DA278D4D3E5B}"
EndProject
Global
	GlobalSection(SolutionConfigurationPlatforms) = preSolution
		Debug|Any CPU = Debug|Any CPU
		Release|Any CPU = Release|Any CPU
	EndGlobalSection
	GlobalSection(ProjectConfigurationPlatforms) = postSolution
		{4A966FD4-2A3C-42FD-92D2-9050D310C1A0}.Debug|Any CPU.ActiveCfg = Debug|Any CPU
		{4A966FD4-2A3C-42FD-92D2-9050D310C1A0}.Debug|Any CPU.Build.0 = Debug|Any CPU
		{4A966FD4-2A3C-42FD-92D2-9050D310C1A0}.Release|Any CPU.ActiveCfg = Release|Any CPU
		{4A966FD4-2A3C-42FD-92D2-9050D310C1A0}.Release|Any CPU.Build.0 = Release|Any CPU
		{BF4C8018-98D1-45C0-98DD-DA278D4D3E5B}.Debug|Any CPU.ActiveCfg = Debug|Any CPU
		{BF4C8018-98D1-45C0-98DD-DA278D4D3E5B}.Debug|Any CPU.Build.0 = Debug|Any CPU
		{BF4C8018-98D1-45C0-98DD-DA278D4D3E5B}.Release|Any CPU.ActiveCfg = Release|Any CPU
		{BF4C8018-98D1-45C0-98DD-DA278D4D3E5B}.Release|Any CPU.Build.0 = Release|Any CPU
	EndGlobalSection
	GlobalSection(SolutionProperties) = preSolution
		HideSolutionNode = FALSE
	EndGlobalSection
EndGlobal
